
Microsoft Visual Studio Solution File, Format Version 12.00
# Visual Studio Version 17
VisualStudioVersion = 17.0.31612.314
MinimumVisualStudioVersion = 10.0.40219.1
Project("{FAE04EC0-301F-11D3-BF4B-00C04F79EFBC}") = "StockWatcher", "StockWatcher\StockWatcher.csproj", "{211AA17D-0C11-4966-A9D4-9712BD98EDDA}"
EndProject
Project("{2150E333-8FDC-42A3-9474-1A3956D46DE8}") = "3rd Parties", "3rd Parties", "{4C593223-C5E8-41AF-BA12-D355CBEB3093}"
EndProject
Project("{2150E333-8FDC-42A3-9474-1A3956D46DE8}") = "Database", "Database", "{86128961-BB76-47EB-A9DC-9F32AFCB8C60}"
EndProject
Project("{2150E333-8FDC-42A3-9474-1A3956D46DE8}") = "Libraries", "Libraries", "{2C1664FE-C5E1-41DD-8F55-872729F446EE}"
EndProject
Project("{2150E333-8FDC-42A3-9474-1A3956D46DE8}") = "Tests", "Tests", "{79930748-2ACB-4910-A25C-CD06DF8461A6}"
EndProject
Project("{FAE04EC0-301F-11D3-BF4B-00C04F79EFBC}") = "StockWatcher.ViewModels", "StockWatcher.ViewModels\StockWatcher.ViewModels.csproj", "{01475AC3-5F3B-4F14-B359-83360A9D4D9D}"
EndProject
Project("{FAE04EC0-301F-11D3-BF4B-00C04F79EFBC}") = "StockWatcher.Services", "StockWatcher.Services\StockWatcher.Services.csproj", "{266AA2F2-F4EB-40B8-91A2-72C4C453159C}"
EndProject
Project("{FAE04EC0-301F-11D3-BF4B-00C04F79EFBC}") = "StockWatcher.Models", "StockWatcher.Models\StockWatcher.Models.csproj", "{317B8AB4-C753-433F-8DC0-BEE8CC0EF6BA}"
EndProject
Project("{FAE04EC0-301F-11D3-BF4B-00C04F79EFBC}") = "StockWatcher.Common", "StockWatcher.Common\StockWatcher.Common.csproj", "{D0FEA0AF-35C0-42B6-A298-DD90356A3721}"
EndProject
Project("{00D1A9C2-B5F0-4AF3-8072-F6C62B433612}") = "StockWatcher.Database", "StockWatcher.Database\StockWatcher.Database.sqlproj", "{C6EF0040-07B0-4392-91BA-09B722C8D58C}"
EndProject
Project("{FAE04EC0-301F-11D3-BF4B-00C04F79EFBC}") = "StockWatcher.Tests", "StockWatcher.Tests\StockWatcher.Tests.csproj", "{421EC825-F8FA-42AF-8846-E5A70E11206C}"
EndProject
Global
	GlobalSection(SolutionConfigurationPlatforms) = preSolution
		Debug|Any CPU = Debug|Any CPU
		Debug|ARM = Debug|ARM
		Debug|ARM64 = Debug|ARM64
		Debug|x64 = Debug|x64
		Debug|x86 = Debug|x86
		Release|Any CPU = Release|Any CPU
		Release|ARM = Release|ARM
		Release|ARM64 = Release|ARM64
		Release|x64 = Release|x64
		Release|x86 = Release|x86
	EndGlobalSection
	GlobalSection(ProjectConfigurationPlatforms) = postSolution
		{211AA17D-0C11-4966-A9D4-9712BD98EDDA}.Debug|Any CPU.ActiveCfg = Debug|x86
		{211AA17D-0C11-4966-A9D4-9712BD98EDDA}.Debug|ARM.ActiveCfg = Debug|ARM
		{211AA17D-0C11-4966-A9D4-9712BD98EDDA}.Debug|ARM.Build.0 = Debug|ARM
		{211AA17D-0C11-4966-A9D4-9712BD98EDDA}.Debug|ARM.Deploy.0 = Debug|ARM
		{211AA17D-0C11-4966-A9D4-9712BD98EDDA}.Debug|ARM64.ActiveCfg = Debug|ARM64
		{211AA17D-0C11-4966-A9D4-9712BD98EDDA}.Debug|ARM64.Build.0 = Debug|ARM64
		{211AA17D-0C11-4966-A9D4-9712BD98EDDA}.Debug|ARM64.Deploy.0 = Debug|ARM64
		{211AA17D-0C11-4966-A9D4-9712BD98EDDA}.Debug|x64.ActiveCfg = Debug|x64
		{211AA17D-0C11-4966-A9D4-9712BD98EDDA}.Debug|x64.Build.0 = Debug|x64
		{211AA17D-0C11-4966-A9D4-9712BD98EDDA}.Debug|x64.Deploy.0 = Debug|x64
		{211AA17D-0C11-4966-A9D4-9712BD98EDDA}.Debug|x86.ActiveCfg = Debug|x86
		{211AA17D-0C11-4966-A9D4-9712BD98EDDA}.Debug|x86.Build.0 = Debug|x86
		{211AA17D-0C11-4966-A9D4-9712BD98EDDA}.Debug|x86.Deploy.0 = Debug|x86
		{211AA17D-0C11-4966-A9D4-9712BD98EDDA}.Release|Any CPU.ActiveCfg = Release|x86
		{211AA17D-0C11-4966-A9D4-9712BD98EDDA}.Release|ARM.ActiveCfg = Release|ARM
		{211AA17D-0C11-4966-A9D4-9712BD98EDDA}.Release|ARM.Build.0 = Release|ARM
		{211AA17D-0C11-4966-A9D4-9712BD98EDDA}.Release|ARM.Deploy.0 = Release|ARM
		{211AA17D-0C11-4966-A9D4-9712BD98EDDA}.Release|ARM64.ActiveCfg = Release|ARM64
		{211AA17D-0C11-4966-A9D4-9712BD98EDDA}.Release|ARM64.Build.0 = Release|ARM64
		{211AA17D-0C11-4966-A9D4-9712BD98EDDA}.Release|ARM64.Deploy.0 = Release|ARM64
		{211AA17D-0C11-4966-A9D4-9712BD98EDDA}.Release|x64.ActiveCfg = Release|x64
		{211AA17D-0C11-4966-A9D4-9712BD98EDDA}.Release|x64.Build.0 = Release|x64
		{211AA17D-0C11-4966-A9D4-9712BD98EDDA}.Release|x64.Deploy.0 = Release|x64
		{211AA17D-0C11-4966-A9D4-9712BD98EDDA}.Release|x86.ActiveCfg = Release|x86
		{211AA17D-0C11-4966-A9D4-9712BD98EDDA}.Release|x86.Build.0 = Release|x86
		{211AA17D-0C11-4966-A9D4-9712BD98EDDA}.Release|x86.Deploy.0 = Release|x86
		{01475AC3-5F3B-4F14-B359-83360A9D4D9D}.Debug|Any CPU.ActiveCfg = Debug|Any CPU
		{01475AC3-5F3B-4F14-B359-83360A9D4D9D}.Debug|Any CPU.Build.0 = Debug|Any CPU
		{01475AC3-5F3B-4F14-B359-83360A9D4D9D}.Debug|ARM.ActiveCfg = Debug|Any CPU
		{01475AC3-5F3B-4F14-B359-83360A9D4D9D}.Debug|ARM.Build.0 = Debug|Any CPU
		{01475AC3-5F3B-4F14-B359-83360A9D4D9D}.Debug|ARM64.ActiveCfg = Debug|Any CPU
		{01475AC3-5F3B-4F14-B359-83360A9D4D9D}.Debug|ARM64.Build.0 = Debug|Any CPU
		{01475AC3-5F3B-4F14-B359-83360A9D4D9D}.Debug|x64.ActiveCfg = Debug|Any CPU
		{01475AC3-5F3B-4F14-B359-83360A9D4D9D}.Debug|x64.Build.0 = Debug|Any CPU
		{01475AC3-5F3B-4F14-B359-83360A9D4D9D}.Debug|x86.ActiveCfg = Debug|Any CPU
		{01475AC3-5F3B-4F14-B359-83360A9D4D9D}.Debug|x86.Build.0 = Debug|Any CPU
		{01475AC3-5F3B-4F14-B359-83360A9D4D9D}.Release|Any CPU.ActiveCfg = Release|Any CPU
		{01475AC3-5F3B-4F14-B359-83360A9D4D9D}.Release|Any CPU.Build.0 = Release|Any CPU
		{01475AC3-5F3B-4F14-B359-83360A9D4D9D}.Release|ARM.ActiveCfg = Release|Any CPU
		{01475AC3-5F3B-4F14-B359-83360A9D4D9D}.Release|ARM.Build.0 = Release|Any CPU
		{01475AC3-5F3B-4F14-B359-83360A9D4D9D}.Release|ARM64.ActiveCfg = Release|Any CPU
		{01475AC3-5F3B-4F14-B359-83360A9D4D9D}.Release|ARM64.Build.0 = Release|Any CPU
		{01475AC3-5F3B-4F14-B359-83360A9D4D9D}.Release|x64.ActiveCfg = Release|Any CPU
		{01475AC3-5F3B-4F14-B359-83360A9D4D9D}.Release|x64.Build.0 = Release|Any CPU
		{01475AC3-5F3B-4F14-B359-83360A9D4D9D}.Release|x86.ActiveCfg = Release|Any CPU
		{01475AC3-5F3B-4F14-B359-83360A9D4D9D}.Release|x86.Build.0 = Release|Any CPU
		{266AA2F2-F4EB-40B8-91A2-72C4C453159C}.Debug|Any CPU.ActiveCfg = Debug|Any CPU
		{266AA2F2-F4EB-40B8-91A2-72C4C453159C}.Debug|Any CPU.Build.0 = Debug|Any CPU
		{266AA2F2-F4EB-40B8-91A2-72C4C453159C}.Debug|ARM.ActiveCfg = Debug|Any CPU
		{266AA2F2-F4EB-40B8-91A2-72C4C453159C}.Debug|ARM.Build.0 = Debug|Any CPU
		{266AA2F2-F4EB-40B8-91A2-72C4C453159C}.Debug|ARM64.ActiveCfg = Debug|Any CPU
		{266AA2F2-F4EB-40B8-91A2-72C4C453159C}.Debug|ARM64.Build.0 = Debug|Any CPU
		{266AA2F2-F4EB-40B8-91A2-72C4C453159C}.Debug|x64.ActiveCfg = Debug|Any CPU
		{266AA2F2-F4EB-40B8-91A2-72C4C453159C}.Debug|x64.Build.0 = Debug|Any CPU
		{266AA2F2-F4EB-40B8-91A2-72C4C453159C}.Debug|x86.ActiveCfg = Debug|Any CPU
		{266AA2F2-F4EB-40B8-91A2-72C4C453159C}.Debug|x86.Build.0 = Debug|Any CPU
		{266AA2F2-F4EB-40B8-91A2-72C4C453159C}.Release|Any CPU.ActiveCfg = Release|Any CPU
		{266AA2F2-F4EB-40B8-91A2-72C4C453159C}.Release|Any CPU.Build.0 = Release|Any CPU
		{266AA2F2-F4EB-40B8-91A2-72C4C453159C}.Release|ARM.ActiveCfg = Release|Any CPU
		{266AA2F2-F4EB-40B8-91A2-72C4C453159C}.Release|ARM.Build.0 = Release|Any CPU
		{266AA2F2-F4EB-40B8-91A2-72C4C453159C}.Release|ARM64.ActiveCfg = Release|Any CPU
		{266AA2F2-F4EB-40B8-91A2-72C4C453159C}.Release|ARM64.Build.0 = Release|Any CPU
		{266AA2F2-F4EB-40B8-91A2-72C4C453159C}.Release|x64.ActiveCfg = Release|Any CPU
		{266AA2F2-F4EB-40B8-91A2-72C4C453159C}.Release|x64.Build.0 = Release|Any CPU
		{266AA2F2-F4EB-40B8-91A2-72C4C453159C}.Release|x86.ActiveCfg = Release|Any CPU
		{266AA2F2-F4EB-40B8-91A2-72C4C453159C}.Release|x86.Build.0 = Release|Any CPU
		{317B8AB4-C753-433F-8DC0-BEE8CC0EF6BA}.Debug|Any CPU.ActiveCfg = Debug|Any CPU
		{317B8AB4-C753-433F-8DC0-BEE8CC0EF6BA}.Debug|Any CPU.Build.0 = Debug|Any CPU
		{317B8AB4-C753-433F-8DC0-BEE8CC0EF6BA}.Debug|ARM.ActiveCfg = Debug|Any CPU
		{317B8AB4-C753-433F-8DC0-BEE8CC0EF6BA}.Debug|ARM.Build.0 = Debug|Any CPU
		{317B8AB4-C753-433F-8DC0-BEE8CC0EF6BA}.Debug|ARM64.ActiveCfg = Debug|Any CPU
		{317B8AB4-C753-433F-8DC0-BEE8CC0EF6BA}.Debug|ARM64.Build.0 = Debug|Any CPU
		{317B8AB4-C753-433F-8DC0-BEE8CC0EF6BA}.Debug|x64.ActiveCfg = Debug|Any CPU
		{317B8AB4-C753-433F-8DC0-BEE8CC0EF6BA}.Debug|x64.Build.0 = Debug|Any CPU
		{317B8AB4-C753-433F-8DC0-BEE8CC0EF6BA}.Debug|x86.ActiveCfg = Debug|Any CPU
		{317B8AB4-C753-433F-8DC0-BEE8CC0EF6BA}.Debug|x86.Build.0 = Debug|Any CPU
		{317B8AB4-C753-433F-8DC0-BEE8CC0EF6BA}.Release|Any CPU.ActiveCfg = Release|Any CPU
		{317B8AB4-C753-433F-8DC0-BEE8CC0EF6BA}.Release|Any CPU.Build.0 = Release|Any CPU
		{317B8AB4-C753-433F-8DC0-BEE8CC0EF6BA}.Release|ARM.ActiveCfg = Release|Any CPU
		{317B8AB4-C753-433F-8DC0-BEE8CC0EF6BA}.Release|ARM.Build.0 = Release|Any CPU
		{317B8AB4-C753-433F-8DC0-BEE8CC0EF6BA}.Release|ARM64.ActiveCfg = Release|Any CPU
		{317B8AB4-C753-433F-8DC0-BEE8CC0EF6BA}.Release|ARM64.Build.0 = Release|Any CPU
		{317B8AB4-C753-433F-8DC0-BEE8CC0EF6BA}.Release|x64.ActiveCfg = Release|Any CPU
		{317B8AB4-C753-433F-8DC0-BEE8CC0EF6BA}.Release|x64.Build.0 = Release|Any CPU
		{317B8AB4-C753-433F-8DC0-BEE8CC0EF6BA}.Release|x86.ActiveCfg = Release|Any CPU
		{317B8AB4-C753-433F-8DC0-BEE8CC0EF6BA}.Release|x86.Build.0 = Release|Any CPU
		{D0FEA0AF-35C0-42B6-A298-DD90356A3721}.Debug|Any CPU.ActiveCfg = Debug|Any CPU
		{D0FEA0AF-35C0-42B6-A298-DD90356A3721}.Debug|Any CPU.Build.0 = Debug|Any CPU
		{D0FEA0AF-35C0-42B6-A298-DD90356A3721}.Debug|ARM.ActiveCfg = Debug|Any CPU
		{D0FEA0AF-35C0-42B6-A298-DD90356A3721}.Debug|ARM.Build.0 = Debug|Any CPU
		{D0FEA0AF-35C0-42B6-A298-DD90356A3721}.Debug|ARM64.ActiveCfg = Debug|Any CPU
		{D0FEA0AF-35C0-42B6-A298-DD90356A3721}.Debug|ARM64.Build.0 = Debug|Any CPU
		{D0FEA0AF-35C0-42B6-A298-DD90356A3721}.Debug|x64.ActiveCfg = Debug|Any CPU
		{D0FEA0AF-35C0-42B6-A298-DD90356A3721}.Debug|x64.Build.0 = Debug|Any CPU
		{D0FEA0AF-35C0-42B6-A298-DD90356A3721}.Debug|x86.ActiveCfg = Debug|Any CPU
		{D0FEA0AF-35C0-42B6-A298-DD90356A3721}.Debug|x86.Build.0 = Debug|Any CPU
		{D0FEA0AF-35C0-42B6-A298-DD90356A3721}.Release|Any CPU.ActiveCfg = Release|Any CPU
		{D0FEA0AF-35C0-42B6-A298-DD90356A3721}.Release|Any CPU.Build.0 = Release|Any CPU
		{D0FEA0AF-35C0-42B6-A298-DD90356A3721}.Release|ARM.ActiveCfg = Release|Any CPU
		{D0FEA0AF-35C0-42B6-A298-DD90356A3721}.Release|ARM.Build.0 = Release|Any CPU
		{D0FEA0AF-35C0-42B6-A298-DD90356A3721}.Release|ARM64.ActiveCfg = Release|Any CPU
		{D0FEA0AF-35C0-42B6-A298-DD90356A3721}.Release|ARM64.Build.0 = Release|Any CPU
		{D0FEA0AF-35C0-42B6-A298-DD90356A3721}.Release|x64.ActiveCfg = Release|Any CPU
		{D0FEA0AF-35C0-42B6-A298-DD90356A3721}.Release|x64.Build.0 = Release|Any CPU
		{D0FEA0AF-35C0-42B6-A298-DD90356A3721}.Release|x86.ActiveCfg = Release|Any CPU
		{D0FEA0AF-35C0-42B6-A298-DD90356A3721}.Release|x86.Build.0 = Release|Any CPU
		{C6EF0040-07B0-4392-91BA-09B722C8D58C}.Debug|Any CPU.ActiveCfg = Debug|Any CPU
		{C6EF0040-07B0-4392-91BA-09B722C8D58C}.Debug|Any CPU.Build.0 = Debug|Any CPU
		{C6EF0040-07B0-4392-91BA-09B722C8D58C}.Debug|Any CPU.Deploy.0 = Debug|Any CPU
		{C6EF0040-07B0-4392-91BA-09B722C8D58C}.Debug|ARM.ActiveCfg = Debug|Any CPU
		{C6EF0040-07B0-4392-91BA-09B722C8D58C}.Debug|ARM.Build.0 = Debug|Any CPU
		{C6EF0040-07B0-4392-91BA-09B722C8D58C}.Debug|ARM.Deploy.0 = Debug|Any CPU
		{C6EF0040-07B0-4392-91BA-09B722C8D58C}.Debug|ARM64.ActiveCfg = Debug|Any CPU
		{C6EF0040-07B0-4392-91BA-09B722C8D58C}.Debug|ARM64.Build.0 = Debug|Any CPU
		{C6EF0040-07B0-4392-91BA-09B722C8D58C}.Debug|ARM64.Deploy.0 = Debug|Any CPU
		{C6EF0040-07B0-4392-91BA-09B722C8D58C}.Debug|x64.ActiveCfg = Debug|Any CPU
		{C6EF0040-07B0-4392-91BA-09B722C8D58C}.Debug|x64.Build.0 = Debug|Any CPU
		{C6EF0040-07B0-4392-91BA-09B722C8D58C}.Debug|x64.Deploy.0 = Debug|Any CPU
		{C6EF0040-07B0-4392-91BA-09B722C8D58C}.Debug|x86.ActiveCfg = Debug|Any CPU
		{C6EF0040-07B0-4392-91BA-09B722C8D58C}.Debug|x86.Build.0 = Debug|Any CPU
		{C6EF0040-07B0-4392-91BA-09B722C8D58C}.Debug|x86.Deploy.0 = Debug|Any CPU
		{C6EF0040-07B0-4392-91BA-09B722C8D58C}.Release|Any CPU.ActiveCfg = Release|Any CPU
		{C6EF0040-07B0-4392-91BA-09B722C8D58C}.Release|Any CPU.Build.0 = Release|Any CPU
		{C6EF0040-07B0-4392-91BA-09B722C8D58C}.Release|Any CPU.Deploy.0 = Release|Any CPU
		{C6EF0040-07B0-4392-91BA-09B722C8D58C}.Release|ARM.ActiveCfg = Release|Any CPU
		{C6EF0040-07B0-4392-91BA-09B722C8D58C}.Release|ARM.Build.0 = Release|Any CPU
		{C6EF0040-07B0-4392-91BA-09B722C8D58C}.Release|ARM.Deploy.0 = Release|Any CPU
		{C6EF0040-07B0-4392-91BA-09B722C8D58C}.Release|ARM64.ActiveCfg = Release|Any CPU
		{C6EF0040-07B0-4392-91BA-09B722C8D58C}.Release|ARM64.Build.0 = Release|Any CPU
		{C6EF0040-07B0-4392-91BA-09B722C8D58C}.Release|ARM64.Deploy.0 = Release|Any CPU
		{C6EF0040-07B0-4392-91BA-09B722C8D58C}.Release|x64.ActiveCfg = Release|Any CPU
		{C6EF0040-07B0-4392-91BA-09B722C8D58C}.Release|x64.Build.0 = Release|Any CPU
		{C6EF0040-07B0-4392-91BA-09B722C8D58C}.Release|x64.Deploy.0 = Release|Any CPU
		{C6EF0040-07B0-4392-91BA-09B722C8D58C}.Release|x86.ActiveCfg = Release|Any CPU
		{C6EF0040-07B0-4392-91BA-09B722C8D58C}.Release|x86.Build.0 = Release|Any CPU
		{C6EF0040-07B0-4392-91BA-09B722C8D58C}.Release|x86.Deploy.0 = Release|Any CPU
		{421EC825-F8FA-42AF-8846-E5A70E11206C}.Debug|Any CPU.ActiveCfg = Debug|x86
		{421EC825-F8FA-42AF-8846-E5A70E11206C}.Debug|ARM.ActiveCfg = Debug|ARM
		{421EC825-F8FA-42AF-8846-E5A70E11206C}.Debug|ARM.Build.0 = Debug|ARM
		{421EC825-F8FA-42AF-8846-E5A70E11206C}.Debug|ARM.Deploy.0 = Debug|ARM
		{421EC825-F8FA-42AF-8846-E5A70E11206C}.Debug|ARM64.ActiveCfg = Debug|ARM64
		{421EC825-F8FA-42AF-8846-E5A70E11206C}.Debug|ARM64.Build.0 = Debug|ARM64
		{421EC825-F8FA-42AF-8846-E5A70E11206C}.Debug|ARM64.Deploy.0 = Debug|ARM64
		{421EC825-F8FA-42AF-8846-E5A70E11206C}.Debug|x64.ActiveCfg = Debug|x64
		{421EC825-F8FA-42AF-8846-E5A70E11206C}.Debug|x64.Build.0 = Debug|x64
		{421EC825-F8FA-42AF-8846-E5A70E11206C}.Debug|x64.Deploy.0 = Debug|x64
		{421EC825-F8FA-42AF-8846-E5A70E11206C}.Debug|x86.ActiveCfg = Debug|x86
		{421EC825-F8FA-42AF-8846-E5A70E11206C}.Debug|x86.Build.0 = Debug|x86
		{421EC825-F8FA-42AF-8846-E5A70E11206C}.Debug|x86.Deploy.0 = Debug|x86
		{421EC825-F8FA-42AF-8846-E5A70E11206C}.Release|Any CPU.ActiveCfg = Release|x86
		{421EC825-F8FA-42AF-8846-E5A70E11206C}.Release|ARM.ActiveCfg = Release|ARM
		{421EC825-F8FA-42AF-8846-E5A70E11206C}.Release|ARM.Build.0 = Release|ARM
		{421EC825-F8FA-42AF-8846-E5A70E11206C}.Release|ARM.Deploy.0 = Release|ARM
		{421EC825-F8FA-42AF-8846-E5A70E11206C}.Release|ARM64.ActiveCfg = Release|ARM64
		{421EC825-F8FA-42AF-8846-E5A70E11206C}.Release|ARM64.Build.0 = Release|ARM64
		{421EC825-F8FA-42AF-8846-E5A70E11206C}.Release|ARM64.Deploy.0 = Release|ARM64
		{421EC825-F8FA-42AF-8846-E5A70E11206C}.Release|x64.ActiveCfg = Release|x64
		{421EC825-F8FA-42AF-8846-E5A70E11206C}.Release|x64.Build.0 = Release|x64
		{421EC825-F8FA-42AF-8846-E5A70E11206C}.Release|x64.Deploy.0 = Release|x64
		{421EC825-F8FA-42AF-8846-E5A70E11206C}.Release|x86.ActiveCfg = Release|x86
		{421EC825-F8FA-42AF-8846-E5A70E11206C}.Release|x86.Build.0 = Release|x86
		{421EC825-F8FA-42AF-8846-E5A70E11206C}.Release|x86.Deploy.0 = Release|x86
	EndGlobalSection
	GlobalSection(SolutionProperties) = preSolution
		HideSolutionNode = FALSE
	EndGlobalSection
	GlobalSection(NestedProjects) = preSolution
		{01475AC3-5F3B-4F14-B359-83360A9D4D9D} = {2C1664FE-C5E1-41DD-8F55-872729F446EE}
		{266AA2F2-F4EB-40B8-91A2-72C4C453159C} = {2C1664FE-C5E1-41DD-8F55-872729F446EE}
		{317B8AB4-C753-433F-8DC0-BEE8CC0EF6BA} = {2C1664FE-C5E1-41DD-8F55-872729F446EE}
		{D0FEA0AF-35C0-42B6-A298-DD90356A3721} = {2C1664FE-C5E1-41DD-8F55-872729F446EE}
		{C6EF0040-07B0-4392-91BA-09B722C8D58C} = {86128961-BB76-47EB-A9DC-9F32AFCB8C60}
		{421EC825-F8FA-42AF-8846-E5A70E11206C} = {79930748-2ACB-4910-A25C-CD06DF8461A6}
	EndGlobalSection
	GlobalSection(ExtensibilityGlobals) = postSolution
		SolutionGuid = {D63D636D-A0D2-4B1D-8A46-F03005D6262B}
	EndGlobalSection
EndGlobal
